
Microsoft Visual Studio Solution File, Format Version 12.00
# Visual Studio 15
VisualStudioVersion = 15.0.26403.7
MinimumVisualStudioVersion = 15.0.26124.0
Project("{9A19103F-16F7-4668-BE54-9A1E7A4F7556}") = "Backend", "Backend\Backend.csproj", "{F4641032-173A-4CCE-A90D-05F73D1ED5C2}"
EndProject
Project("{FAE04EC0-301F-11D3-BF4B-00C04F79EFBC}") = "Tests", "Tests\Tests.csproj", "{5E8A0604-81C3-4EBA-BD40-90549DF69B30}"
EndProject
Project("{FAE04EC0-301F-11D3-BF4B-00C04F79EFBC}") = "DAL", "DAL\DAL.csproj", "{752DF93F-067C-45D9-B8AD-55778DEF7E9A}"
EndProject
Project("{FAE04EC0-301F-11D3-BF4B-00C04F79EFBC}") = "Common", "Common\Common.csproj", "{5E55819E-AA6B-4DB4-A04B-AADDE4BCAE27}"
EndProject
Project("{FAE04EC0-301F-11D3-BF4B-00C04F79EFBC}") = "Auth", "Auth\Auth.csproj", "{789DB786-E36F-4242-81F9-7EF6198FD305}"
EndProject
Project("{FAE04EC0-301F-11D3-BF4B-00C04F79EFBC}") = "BL", "BL\BL.csproj", "{08871F0D-076A-406F-B9BD-02E0B3E1C30C}"
EndProject
Global
	GlobalSection(SolutionConfigurationPlatforms) = preSolution
		Debug|Any CPU = Debug|Any CPU
		Debug|x64 = Debug|x64
		Debug|x86 = Debug|x86
		Release|Any CPU = Release|Any CPU
		Release|x64 = Release|x64
		Release|x86 = Release|x86
	EndGlobalSection
	GlobalSection(ProjectConfigurationPlatforms) = postSolution
		{F4641032-173A-4CCE-A90D-05F73D1ED5C2}.Debug|Any CPU.ActiveCfg = Debug|Any CPU
		{F4641032-173A-4CCE-A90D-05F73D1ED5C2}.Debug|Any CPU.Build.0 = Debug|Any CPU
		{F4641032-173A-4CCE-A90D-05F73D1ED5C2}.Debug|x64.ActiveCfg = Debug|Any CPU
		{F4641032-173A-4CCE-A90D-05F73D1ED5C2}.Debug|x64.Build.0 = Debug|Any CPU
		{F4641032-173A-4CCE-A90D-05F73D1ED5C2}.Debug|x86.ActiveCfg = Debug|Any CPU
		{F4641032-173A-4CCE-A90D-05F73D1ED5C2}.Debug|x86.Build.0 = Debug|Any CPU
		{F4641032-173A-4CCE-A90D-05F73D1ED5C2}.Release|Any CPU.ActiveCfg = Release|Any CPU
		{F4641032-173A-4CCE-A90D-05F73D1ED5C2}.Release|Any CPU.Build.0 = Release|Any CPU
		{F4641032-173A-4CCE-A90D-05F73D1ED5C2}.Release|x64.ActiveCfg = Release|Any CPU
		{F4641032-173A-4CCE-A90D-05F73D1ED5C2}.Release|x64.Build.0 = Release|Any CPU
		{F4641032-173A-4CCE-A90D-05F73D1ED5C2}.Release|x86.ActiveCfg = Release|Any CPU
		{F4641032-173A-4CCE-A90D-05F73D1ED5C2}.Release|x86.Build.0 = Release|Any CPU
		{5E8A0604-81C3-4EBA-BD40-90549DF69B30}.Debug|Any CPU.ActiveCfg = Debug|Any CPU
		{5E8A0604-81C3-4EBA-BD40-90549DF69B30}.Debug|Any CPU.Build.0 = Debug|Any CPU
		{5E8A0604-81C3-4EBA-BD40-90549DF69B30}.Debug|x64.ActiveCfg = Debug|Any CPU
		{5E8A0604-81C3-4EBA-BD40-90549DF69B30}.Debug|x64.Build.0 = Debug|Any CPU
		{5E8A0604-81C3-4EBA-BD40-90549DF69B30}.Debug|x86.ActiveCfg = Debug|Any CPU
		{5E8A0604-81C3-4EBA-BD40-90549DF69B30}.Debug|x86.Build.0 = Debug|Any CPU
		{5E8A0604-81C3-4EBA-BD40-90549DF69B30}.Release|Any CPU.ActiveCfg = Release|Any CPU
		{5E8A0604-81C3-4EBA-BD40-90549DF69B30}.Release|Any CPU.Build.0 = Release|Any CPU
		{5E8A0604-81C3-4EBA-BD40-90549DF69B30}.Release|x64.ActiveCfg = Release|Any CPU
		{5E8A0604-81C3-4EBA-BD40-90549DF69B30}.Release|x64.Build.0 = Release|Any CPU
		{5E8A0604-81C3-4EBA-BD40-90549DF69B30}.Release|x86.ActiveCfg = Release|Any CPU
		{5E8A0604-81C3-4EBA-BD40-90549DF69B30}.Release|x86.Build.0 = Release|Any CPU
		{752DF93F-067C-45D9-B8AD-55778DEF7E9A}.Debug|Any CPU.ActiveCfg = Debug|Any CPU
		{752DF93F-067C-45D9-B8AD-55778DEF7E9A}.Debug|Any CPU.Build.0 = Debug|Any CPU
		{752DF93F-067C-45D9-B8AD-55778DEF7E9A}.Debug|x64.ActiveCfg = Debug|Any CPU
		{752DF93F-067C-45D9-B8AD-55778DEF7E9A}.Debug|x64.Build.0 = Debug|Any CPU
		{752DF93F-067C-45D9-B8AD-55778DEF7E9A}.Debug|x86.ActiveCfg = Debug|Any CPU
		{752DF93F-067C-45D9-B8AD-55778DEF7E9A}.Debug|x86.Build.0 = Debug|Any CPU
		{752DF93F-067C-45D9-B8AD-55778DEF7E9A}.Release|Any CPU.ActiveCfg = Release|Any CPU
		{752DF93F-067C-45D9-B8AD-55778DEF7E9A}.Release|Any CPU.Build.0 = Release|Any CPU
		{752DF93F-067C-45D9-B8AD-55778DEF7E9A}.Release|x64.ActiveCfg = Release|Any CPU
		{752DF93F-067C-45D9-B8AD-55778DEF7E9A}.Release|x64.Build.0 = Release|Any CPU
		{752DF93F-067C-45D9-B8AD-55778DEF7E9A}.Release|x86.ActiveCfg = Release|Any CPU
		{752DF93F-067C-45D9-B8AD-55778DEF7E9A}.Release|x86.Build.0 = Release|Any CPU
		{5E55819E-AA6B-4DB4-A04B-AADDE4BCAE27}.Debug|Any CPU.ActiveCfg = Debug|Any CPU
		{5E55819E-AA6B-4DB4-A04B-AADDE4BCAE27}.Debug|Any CPU.Build.0 = Debug|Any CPU
		{5E55819E-AA6B-4DB4-A04B-AADDE4BCAE27}.Debug|x64.ActiveCfg = Debug|Any CPU
		{5E55819E-AA6B-4DB4-A04B-AADDE4BCAE27}.Debug|x64.Build.0 = Debug|Any CPU
		{5E55819E-AA6B-4DB4-A04B-AADDE4BCAE27}.Debug|x86.ActiveCfg = Debug|Any CPU
		{5E55819E-AA6B-4DB4-A04B-AADDE4BCAE27}.Debug|x86.Build.0 = Debug|Any CPU
		{5E55819E-AA6B-4DB4-A04B-AADDE4BCAE27}.Release|Any CPU.ActiveCfg = Release|Any CPU
		{5E55819E-AA6B-4DB4-A04B-AADDE4BCAE27}.Release|Any CPU.Build.0 = Release|Any CPU
		{5E55819E-AA6B-4DB4-A04B-AADDE4BCAE27}.Release|x64.ActiveCfg = Release|Any CPU
		{5E55819E-AA6B-4DB4-A04B-AADDE4BCAE27}.Release|x64.Build.0 = Release|Any CPU
		{5E55819E-AA6B-4DB4-A04B-AADDE4BCAE27}.Release|x86.ActiveCfg = Release|Any CPU
		{5E55819E-AA6B-4DB4-A04B-AADDE4BCAE27}.Release|x86.Build.0 = Release|Any CPU
		{789DB786-E36F-4242-81F9-7EF6198FD305}.Debug|Any CPU.ActiveCfg = Debug|Any CPU
		{789DB786-E36F-4242-81F9-7EF6198FD305}.Debug|Any CPU.Build.0 = Debug|Any CPU
		{789DB786-E36F-4242-81F9-7EF6198FD305}.Debug|x64.ActiveCfg = Debug|Any CPU
		{789DB786-E36F-4242-81F9-7EF6198FD305}.Debug|x64.Build.0 = Debug|Any CPU
		{789DB786-E36F-4242-81F9-7EF6198FD305}.Debug|x86.ActiveCfg = Debug|Any CPU
		{789DB786-E36F-4242-81F9-7EF6198FD305}.Debug|x86.Build.0 = Debug|Any CPU
		{789DB786-E36F-4242-81F9-7EF6198FD305}.Release|Any CPU.ActiveCfg = Release|Any CPU
		{789DB786-E36F-4242-81F9-7EF6198FD305}.Release|Any CPU.Build.0 = Release|Any CPU
		{789DB786-E36F-4242-81F9-7EF6198FD305}.Release|x64.ActiveCfg = Release|Any CPU
		{789DB786-E36F-4242-81F9-7EF6198FD305}.Release|x64.Build.0 = Release|Any CPU
		{789DB786-E36F-4242-81F9-7EF6198FD305}.Release|x86.ActiveCfg = Release|Any CPU
		{789DB786-E36F-4242-81F9-7EF6198FD305}.Release|x86.Build.0 = Release|Any CPU
		{08871F0D-076A-406F-B9BD-02E0B3E1C30C}.Debug|Any CPU.ActiveCfg = Debug|Any CPU
		{08871F0D-076A-406F-B9BD-02E0B3E1C30C}.Debug|Any CPU.Build.0 = Debug|Any CPU
		{08871F0D-076A-406F-B9BD-02E0B3E1C30C}.Debug|x64.ActiveCfg = Debug|Any CPU
		{08871F0D-076A-406F-B9BD-02E0B3E1C30C}.Debug|x64.Build.0 = Debug|Any CPU
		{08871F0D-076A-406F-B9BD-02E0B3E1C30C}.Debug|x86.ActiveCfg = Debug|Any CPU
		{08871F0D-076A-406F-B9BD-02E0B3E1C30C}.Debug|x86.Build.0 = Debug|Any CPU
		{08871F0D-076A-406F-B9BD-02E0B3E1C30C}.Release|Any CPU.ActiveCfg = Release|Any CPU
		{08871F0D-076A-406F-B9BD-02E0B3E1C30C}.Release|Any CPU.Build.0 = Release|Any CPU
		{08871F0D-076A-406F-B9BD-02E0B3E1C30C}.Release|x64.ActiveCfg = Release|Any CPU
		{08871F0D-076A-406F-B9BD-02E0B3E1C30C}.Release|x64.Build.0 = Release|Any CPU
		{08871F0D-076A-406F-B9BD-02E0B3E1C30C}.Release|x86.ActiveCfg = Release|Any CPU
		{08871F0D-076A-406F-B9BD-02E0B3E1C30C}.Release|x86.Build.0 = Release|Any CPU
	EndGlobalSection
	GlobalSection(SolutionProperties) = preSolution
		HideSolutionNode = FALSE
	EndGlobalSection
EndGlobal
